
Microsoft Visual Studio Solution File, Format Version 12.00
# Visual Studio 14
VisualStudioVersion = 14.0.25123.0
MinimumVisualStudioVersion = 10.0.40219.1
Project("{FAE04EC0-301F-11D3-BF4B-00C04F79EFBC}") = "RockPaperScissors.Logic", "RockPaperScissors\RockPaperScissors.Logic.csproj", "{69603702-4A5E-4F0C-B67D-D72FE94083FF}"
EndProject
Project("{FAE04EC0-301F-11D3-BF4B-00C04F79EFBC}") = "RockPaperScissors.UI", "ConsoleApplication1\RockPaperScissors.UI.csproj", "{BC2C5312-96C3-485E-AB84-5DE63DC9518D}"
EndProject
Project("{FAE04EC0-301F-11D3-BF4B-00C04F79EFBC}") = "RockPaperScissors.BLL.Tests", "RockPaperScissors.BLL.Tests\RockPaperScissors.BLL.Tests.csproj", "{8C1A5DA0-601D-4CAF-BBA4-7BE00172E32B}"
EndProject
Global
	GlobalSection(SolutionConfigurationPlatforms) = preSolution
		Debug|Any CPU = Debug|Any CPU
		Release|Any CPU = Release|Any CPU
	EndGlobalSection
	GlobalSection(ProjectConfigurationPlatforms) = postSolution
		{69603702-4A5E-4F0C-B67D-D72FE94083FF}.Debug|Any CPU.ActiveCfg = Debug|Any CPU
		{69603702-4A5E-4F0C-B67D-D72FE94083FF}.Debug|Any CPU.Build.0 = Debug|Any CPU
		{69603702-4A5E-4F0C-B67D-D72FE94083FF}.Release|Any CPU.ActiveCfg = Release|Any CPU
		{69603702-4A5E-4F0C-B67D-D72FE94083FF}.Release|Any CPU.Build.0 = Release|Any CPU
		{BC2C5312-96C3-485E-AB84-5DE63DC9518D}.Debug|Any CPU.ActiveCfg = Debug|Any CPU
		{BC2C5312-96C3-485E-AB84-5DE63DC9518D}.Debug|Any CPU.Build.0 = Debug|Any CPU
		{BC2C5312-96C3-485E-AB84-5DE63DC9518D}.Release|Any CPU.ActiveCfg = Release|Any CPU
		{BC2C5312-96C3-485E-AB84-5DE63DC9518D}.Release|Any CPU.Build.0 = Release|Any CPU
		{8C1A5DA0-601D-4CAF-BBA4-7BE00172E32B}.Debug|Any CPU.ActiveCfg = Debug|Any CPU
		{8C1A5DA0-601D-4CAF-BBA4-7BE00172E32B}.Debug|Any CPU.Build.0 = Debug|Any CPU
		{8C1A5DA0-601D-4CAF-BBA4-7BE00172E32B}.Release|Any CPU.ActiveCfg = Release|Any CPU
		{8C1A5DA0-601D-4CAF-BBA4-7BE00172E32B}.Release|Any CPU.Build.0 = Release|Any CPU
	EndGlobalSection
	GlobalSection(SolutionProperties) = preSolution
		HideSolutionNode = FALSE
	EndGlobalSection
EndGlobal
